
Microsoft Visual Studio Solution File, Format Version 12.00
# Visual Studio Version 17
VisualStudioVersion = 17.6.33829.357
MinimumVisualStudioVersion = 10.0.40219.1
Project("{9A19103F-16F7-4668-BE54-9A1E7A4F7556}") = "BlazorSimpleInjectorMediator", "BlazorSimpleInjectorMediator\BlazorSimpleInjectorMediator.csproj", "{8AA54E7C-38CB-43EC-A332-55160FE2CC28}"
EndProject
Global
	GlobalSection(SolutionConfigurationPlatforms) = preSolution
		Debug|Any CPU = Debug|Any CPU
		Release|Any CPU = Release|Any CPU
	EndGlobalSection
	GlobalSection(ProjectConfigurationPlatforms) = postSolution
		{8AA54E7C-38CB-43EC-A332-55160FE2CC28}.Debug|Any CPU.ActiveCfg = Debug|Any CPU
		{8AA54E7C-38CB-43EC-A332-55160FE2CC28}.Debug|Any CPU.Build.0 = Debug|Any CPU
		{8AA54E7C-38CB-43EC-A332-55160FE2CC28}.Release|Any CPU.ActiveCfg = Release|Any CPU
		{8AA54E7C-38CB-43EC-A332-55160FE2CC28}.Release|Any CPU.Build.0 = Release|Any CPU
	EndGlobalSection
	GlobalSection(SolutionProperties) = preSolution
		HideSolutionNode = FALSE
	EndGlobalSection
	GlobalSection(ExtensibilityGlobals) = postSolution
		SolutionGuid = {C4972D54-FF5A-480A-B91A-3450E9A79AAE}
	EndGlobalSection
EndGlobal
